
Microsoft Visual Studio Solution File, Format Version 12.00
# Visual Studio 15
VisualStudioVersion = 15.0.26403.7
MinimumVisualStudioVersion = 10.0.40219.1
Project("{FAE04EC0-301F-11D3-BF4B-00C04F79EFBC}") = "ZDL.AnyCodes", "ZDL.AnyCodes\ZDL.AnyCodes.csproj", "{D4F63AF1-DCEC-44A5-84CB-BB06485A75B3}"
EndProject
Project("{FAE04EC0-301F-11D3-BF4B-00C04F79EFBC}") = "UnitTestProject1", "UnitTestProject1\UnitTestProject1.csproj", "{B601E2DD-C82C-4B75-83C5-22F252BFA0D2}"
EndProject
Project("{E24C65DC-7377-472B-9ABA-BC803B73C61A}") = "ZDL.AnyCodes.Site", "ZDL.AnyCodes.Site\", "{DC6D450F-52D2-487F-821C-5AB4E541CA45}"
	ProjectSection(WebsiteProperties) = preProject
		TargetFrameworkMoniker = ".NETFramework,Version%3Dv4.5.2"
		Debug.AspNetCompiler.VirtualPath = "/localhost_23494"
		Debug.AspNetCompiler.PhysicalPath = "ZDL.AnyCodes.Site\"
		Debug.AspNetCompiler.TargetPath = "PrecompiledWeb\localhost_23494\"
		Debug.AspNetCompiler.Updateable = "true"
		Debug.AspNetCompiler.ForceOverwrite = "true"
		Debug.AspNetCompiler.FixedNames = "false"
		Debug.AspNetCompiler.Debug = "True"
		Release.AspNetCompiler.VirtualPath = "/localhost_23494"
		Release.AspNetCompiler.PhysicalPath = "ZDL.AnyCodes.Site\"
		Release.AspNetCompiler.TargetPath = "PrecompiledWeb\localhost_23494\"
		Release.AspNetCompiler.Updateable = "true"
		Release.AspNetCompiler.ForceOverwrite = "true"
		Release.AspNetCompiler.FixedNames = "false"
		Release.AspNetCompiler.Debug = "False"
		VWDPort = "23494"
		SlnRelativePath = "ZDL.AnyCodes.Site\"
		DefaultWebSiteLanguage = "Visual C#"
	EndProjectSection
EndProject
Project("{FAE04EC0-301F-11D3-BF4B-00C04F79EFBC}") = "WindowsService1", "WindowsService1\WindowsService1.csproj", "{E4599695-3F4D-4609-A181-D4E0881D493B}"
EndProject
Project("{FAE04EC0-301F-11D3-BF4B-00C04F79EFBC}") = "ConsoleThreadSync", "ConsoleThreadSync\ConsoleThreadSync.csproj", "{EE29CC0F-51E6-4D0F-8242-B3EB5A523BE4}"
EndProject
Project("{FAE04EC0-301F-11D3-BF4B-00C04F79EFBC}") = "WebAPI", "WebAPI\WebAPI.csproj", "{681BEBB8-A1AE-4135-8E02-7509D62C00CC}"
EndProject
Project("{FAE04EC0-301F-11D3-BF4B-00C04F79EFBC}") = "ZDL.DDD", "ZDL.DDD\ZDL.DDD.csproj", "{C154CA2F-19D5-4AD6-B8AF-3E883E3BCFD0}"
EndProject
Project("{FAE04EC0-301F-11D3-BF4B-00C04F79EFBC}") = "MongoDBTest", "MongoDBTest\MongoDBTest.csproj", "{391FF6B0-874B-48F1-9029-CE5B77EAEF5B}"
EndProject
Global
	GlobalSection(SolutionConfigurationPlatforms) = preSolution
		Debug|Any CPU = Debug|Any CPU
		Debug|x86 = Debug|x86
		Release|Any CPU = Release|Any CPU
		Release|x86 = Release|x86
	EndGlobalSection
	GlobalSection(ProjectConfigurationPlatforms) = postSolution
		{D4F63AF1-DCEC-44A5-84CB-BB06485A75B3}.Debug|Any CPU.ActiveCfg = Debug|Any CPU
		{D4F63AF1-DCEC-44A5-84CB-BB06485A75B3}.Debug|Any CPU.Build.0 = Debug|Any CPU
		{D4F63AF1-DCEC-44A5-84CB-BB06485A75B3}.Debug|x86.ActiveCfg = Debug|Any CPU
		{D4F63AF1-DCEC-44A5-84CB-BB06485A75B3}.Debug|x86.Build.0 = Debug|Any CPU
		{D4F63AF1-DCEC-44A5-84CB-BB06485A75B3}.Release|Any CPU.ActiveCfg = Release|Any CPU
		{D4F63AF1-DCEC-44A5-84CB-BB06485A75B3}.Release|Any CPU.Build.0 = Release|Any CPU
		{D4F63AF1-DCEC-44A5-84CB-BB06485A75B3}.Release|x86.ActiveCfg = Release|Any CPU
		{D4F63AF1-DCEC-44A5-84CB-BB06485A75B3}.Release|x86.Build.0 = Release|Any CPU
		{B601E2DD-C82C-4B75-83C5-22F252BFA0D2}.Debug|Any CPU.ActiveCfg = Debug|Any CPU
		{B601E2DD-C82C-4B75-83C5-22F252BFA0D2}.Debug|Any CPU.Build.0 = Debug|Any CPU
		{B601E2DD-C82C-4B75-83C5-22F252BFA0D2}.Debug|x86.ActiveCfg = Debug|Any CPU
		{B601E2DD-C82C-4B75-83C5-22F252BFA0D2}.Debug|x86.Build.0 = Debug|Any CPU
		{B601E2DD-C82C-4B75-83C5-22F252BFA0D2}.Release|Any CPU.ActiveCfg = Release|Any CPU
		{B601E2DD-C82C-4B75-83C5-22F252BFA0D2}.Release|Any CPU.Build.0 = Release|Any CPU
		{B601E2DD-C82C-4B75-83C5-22F252BFA0D2}.Release|x86.ActiveCfg = Release|Any CPU
		{B601E2DD-C82C-4B75-83C5-22F252BFA0D2}.Release|x86.Build.0 = Release|Any CPU
		{DC6D450F-52D2-487F-821C-5AB4E541CA45}.Debug|Any CPU.ActiveCfg = Debug|Any CPU
		{DC6D450F-52D2-487F-821C-5AB4E541CA45}.Debug|Any CPU.Build.0 = Debug|Any CPU
		{DC6D450F-52D2-487F-821C-5AB4E541CA45}.Debug|x86.ActiveCfg = Debug|Any CPU
		{DC6D450F-52D2-487F-821C-5AB4E541CA45}.Debug|x86.Build.0 = Debug|Any CPU
		{DC6D450F-52D2-487F-821C-5AB4E541CA45}.Release|Any CPU.ActiveCfg = Debug|Any CPU
		{DC6D450F-52D2-487F-821C-5AB4E541CA45}.Release|Any CPU.Build.0 = Debug|Any CPU
		{DC6D450F-52D2-487F-821C-5AB4E541CA45}.Release|x86.ActiveCfg = Debug|Any CPU
		{DC6D450F-52D2-487F-821C-5AB4E541CA45}.Release|x86.Build.0 = Debug|Any CPU
		{E4599695-3F4D-4609-A181-D4E0881D493B}.Debug|Any CPU.ActiveCfg = Debug|Any CPU
		{E4599695-3F4D-4609-A181-D4E0881D493B}.Debug|Any CPU.Build.0 = Debug|Any CPU
		{E4599695-3F4D-4609-A181-D4E0881D493B}.Debug|x86.ActiveCfg = Debug|Any CPU
		{E4599695-3F4D-4609-A181-D4E0881D493B}.Debug|x86.Build.0 = Debug|Any CPU
		{E4599695-3F4D-4609-A181-D4E0881D493B}.Release|Any CPU.ActiveCfg = Release|Any CPU
		{E4599695-3F4D-4609-A181-D4E0881D493B}.Release|Any CPU.Build.0 = Release|Any CPU
		{E4599695-3F4D-4609-A181-D4E0881D493B}.Release|x86.ActiveCfg = Release|Any CPU
		{E4599695-3F4D-4609-A181-D4E0881D493B}.Release|x86.Build.0 = Release|Any CPU
		{EE29CC0F-51E6-4D0F-8242-B3EB5A523BE4}.Debug|Any CPU.ActiveCfg = Debug|Any CPU
		{EE29CC0F-51E6-4D0F-8242-B3EB5A523BE4}.Debug|Any CPU.Build.0 = Debug|Any CPU
		{EE29CC0F-51E6-4D0F-8242-B3EB5A523BE4}.Debug|x86.ActiveCfg = Debug|Any CPU
		{EE29CC0F-51E6-4D0F-8242-B3EB5A523BE4}.Debug|x86.Build.0 = Debug|Any CPU
		{EE29CC0F-51E6-4D0F-8242-B3EB5A523BE4}.Release|Any CPU.ActiveCfg = Release|Any CPU
		{EE29CC0F-51E6-4D0F-8242-B3EB5A523BE4}.Release|Any CPU.Build.0 = Release|Any CPU
		{EE29CC0F-51E6-4D0F-8242-B3EB5A523BE4}.Release|x86.ActiveCfg = Release|Any CPU
		{EE29CC0F-51E6-4D0F-8242-B3EB5A523BE4}.Release|x86.Build.0 = Release|Any CPU
		{681BEBB8-A1AE-4135-8E02-7509D62C00CC}.Debug|Any CPU.ActiveCfg = Debug|Any CPU
		{681BEBB8-A1AE-4135-8E02-7509D62C00CC}.Debug|Any CPU.Build.0 = Debug|Any CPU
		{681BEBB8-A1AE-4135-8E02-7509D62C00CC}.Debug|x86.ActiveCfg = Debug|Any CPU
		{681BEBB8-A1AE-4135-8E02-7509D62C00CC}.Debug|x86.Build.0 = Debug|Any CPU
		{681BEBB8-A1AE-4135-8E02-7509D62C00CC}.Release|Any CPU.ActiveCfg = Release|Any CPU
		{681BEBB8-A1AE-4135-8E02-7509D62C00CC}.Release|Any CPU.Build.0 = Release|Any CPU
		{681BEBB8-A1AE-4135-8E02-7509D62C00CC}.Release|x86.ActiveCfg = Release|Any CPU
		{681BEBB8-A1AE-4135-8E02-7509D62C00CC}.Release|x86.Build.0 = Release|Any CPU
		{C154CA2F-19D5-4AD6-B8AF-3E883E3BCFD0}.Debug|Any CPU.ActiveCfg = Debug|Any CPU
		{C154CA2F-19D5-4AD6-B8AF-3E883E3BCFD0}.Debug|Any CPU.Build.0 = Debug|Any CPU
		{C154CA2F-19D5-4AD6-B8AF-3E883E3BCFD0}.Debug|x86.ActiveCfg = Debug|Any CPU
		{C154CA2F-19D5-4AD6-B8AF-3E883E3BCFD0}.Debug|x86.Build.0 = Debug|Any CPU
		{C154CA2F-19D5-4AD6-B8AF-3E883E3BCFD0}.Release|Any CPU.ActiveCfg = Release|Any CPU
		{C154CA2F-19D5-4AD6-B8AF-3E883E3BCFD0}.Release|Any CPU.Build.0 = Release|Any CPU
		{C154CA2F-19D5-4AD6-B8AF-3E883E3BCFD0}.Release|x86.ActiveCfg = Release|Any CPU
		{C154CA2F-19D5-4AD6-B8AF-3E883E3BCFD0}.Release|x86.Build.0 = Release|Any CPU
		{391FF6B0-874B-48F1-9029-CE5B77EAEF5B}.Debug|Any CPU.ActiveCfg = Debug|x86
		{391FF6B0-874B-48F1-9029-CE5B77EAEF5B}.Debug|x86.ActiveCfg = Debug|x86
		{391FF6B0-874B-48F1-9029-CE5B77EAEF5B}.Debug|x86.Build.0 = Debug|x86
		{391FF6B0-874B-48F1-9029-CE5B77EAEF5B}.Release|Any CPU.ActiveCfg = Release|x86
		{391FF6B0-874B-48F1-9029-CE5B77EAEF5B}.Release|x86.ActiveCfg = Release|x86
		{391FF6B0-874B-48F1-9029-CE5B77EAEF5B}.Release|x86.Build.0 = Release|x86
	EndGlobalSection
	GlobalSection(SolutionProperties) = preSolution
		HideSolutionNode = FALSE
	EndGlobalSection
EndGlobal
